// !$*UTF8*$!
{
	archiveVersion = 1;
	classes = {
	};
	objectVersion = 56;
	objects = {

/* Begin PBXBuildFile section */
		DA9E49BD2A2034EA00662175 /* tech_wordleApp.swift in Sources */ = {isa = PBXBuildFile; fileRef = DA9E49BC2A2034EA00662175 /* tech_wordleApp.swift */; };
		DA9E49BF2A2034EA00662175 /* ContentView.swift in Sources */ = {isa = PBXBuildFile; fileRef = DA9E49BE2A2034EA00662175 /* ContentView.swift */; };
		DA9E49C12A2034EB00662175 /* Assets.xcassets in Resources */ = {isa = PBXBuildFile; fileRef = DA9E49C02A2034EB00662175 /* Assets.xcassets */; };
		DA9E49C42A2034EB00662175 /* Preview Assets.xcassets in Resources */ = {isa = PBXBuildFile; fileRef = DA9E49C32A2034EB00662175 /* Preview Assets.xcassets */; };
		DA9E49CE2A2034EB00662175 /* tech_wordleTests.swift in Sources */ = {isa = PBXBuildFile; fileRef = DA9E49CD2A2034EB00662175 /* tech_wordleTests.swift */; };
		DA9E49D82A2034EB00662175 /* tech_wordleUITests.swift in Sources */ = {isa = PBXBuildFile; fileRef = DA9E49D72A2034EB00662175 /* tech_wordleUITests.swift */; };
		DA9E49DA2A2034EB00662175 /* tech_wordleUITestsLaunchTests.swift in Sources */ = {isa = PBXBuildFile; fileRef = DA9E49D92A2034EB00662175 /* tech_wordleUITestsLaunchTests.swift */; };
		DA9E49E92A20355300662175 /* Dictionary.swift in Sources */ = {isa = PBXBuildFile; fileRef = DA9E49E82A20355300662175 /* Dictionary.swift */; };
		DA9E49EB2A20355D00662175 /* GameStatistics.swift in Sources */ = {isa = PBXBuildFile; fileRef = DA9E49EA2A20355D00662175 /* GameStatistics.swift */; };
		DA9E49ED2A20356700662175 /* Guess.swift in Sources */ = {isa = PBXBuildFile; fileRef = DA9E49EC2A20356700662175 /* Guess.swift */; };
		DA9E49EF2A20357100662175 /* GuessedLetter.swift in Sources */ = {isa = PBXBuildFile; fileRef = DA9E49EE2A20357100662175 /* GuessedLetter.swift */; };
		DA9E49F12A20358400662175 /* GuessingGame.swift in Sources */ = {isa = PBXBuildFile; fileRef = DA9E49F02A20358400662175 /* GuessingGame.swift */; };
		DA9E49F52A2035C900662175 /* common-words-5.txt in Resources */ = {isa = PBXBuildFile; fileRef = DA9E49F32A2035C900662175 /* common-words-5.txt */; };
		DA9E49F62A2035C900662175 /* words-5.txt in Resources */ = {isa = PBXBuildFile; fileRef = DA9E49F42A2035C900662175 /* words-5.txt */; };
		DA9E49F82A2035E800662175 /* KeyboardView.swift in Sources */ = {isa = PBXBuildFile; fileRef = DA9E49F72A2035E800662175 /* KeyboardView.swift */; };
		DA9E49FA2A2035F400662175 /* KeyButtonView.swift in Sources */ = {isa = PBXBuildFile; fileRef = DA9E49F92A2035F400662175 /* KeyButtonView.swift */; };
		DA9E49FC2A20361500662175 /* ActivitySheetView.swift in Sources */ = {isa = PBXBuildFile; fileRef = DA9E49FB2A20361500662175 /* ActivitySheetView.swift */; };
		DA9E49FE2A20362300662175 /* ResultsSummaryView.swift in Sources */ = {isa = PBXBuildFile; fileRef = DA9E49FD2A20362300662175 /* ResultsSummaryView.swift */; };
		DA9E4A002A20363500662175 /* ShowResultView.swift in Sources */ = {isa = PBXBuildFile; fileRef = DA9E49FF2A20363500662175 /* ShowResultView.swift */; };
		DA9E4A022A20364500662175 /* StatisticsView.swift in Sources */ = {isa = PBXBuildFile; fileRef = DA9E4A012A20364500662175 /* StatisticsView.swift */; };
		DA9E4A042A20365700662175 /* ActionBarView.swift in Sources */ = {isa = PBXBuildFile; fileRef = DA9E4A032A20365700662175 /* ActionBarView.swift */; };
		DA9E4A062A20366700662175 /* CurrentGuessView.swift in Sources */ = {isa = PBXBuildFile; fileRef = DA9E4A052A20366700662175 /* CurrentGuessView.swift */; };
		DA9E4A082A20367100662175 /* EmptyBoxView.swift in Sources */ = {isa = PBXBuildFile; fileRef = DA9E4A072A20367100662175 /* EmptyBoxView.swift */; };
		DA9E4A0A2A20367A00662175 /* GameBoardView.swift in Sources */ = {isa = PBXBuildFile; fileRef = DA9E4A092A20367A00662175 /* GameBoardView.swift */; };
		DA9E4A0C2A2036AB00662175 /* GameResultView.swift in Sources */ = {isa = PBXBuildFile; fileRef = DA9E4A0B2A2036AB00662175 /* GameResultView.swift */; };
		DA9E4A0E2A2036B700662175 /* GuessBoxView.swift in Sources */ = {isa = PBXBuildFile; fileRef = DA9E4A0D2A2036B700662175 /* GuessBoxView.swift */; };
		DAE2117B2A67C96700CF4C79 /* GoogleMobileAds in Frameworks */ = {isa = PBXBuildFile; productRef = DAE2117A2A67C96700CF4C79 /* GoogleMobileAds */; };
		DAE2117E2A67D3A200CF4C79 /* AppDelegate.swift in Sources */ = {isa = PBXBuildFile; fileRef = DAE2117D2A67D3A200CF4C79 /* AppDelegate.swift */; };
		DAE211802A67D5E600CF4C79 /* AppOpenAdManager.swift in Sources */ = {isa = PBXBuildFile; fileRef = DAE2117F2A67D5E600CF4C79 /* AppOpenAdManager.swift */; };
/* End PBXBuildFile section */

/* Begin PBXContainerItemProxy section */
		DA9E49CA2A2034EB00662175 /* PBXContainerItemProxy */ = {
			isa = PBXContainerItemProxy;
			containerPortal = DA9E49B12A2034EA00662175 /* Project object */;
			proxyType = 1;
			remoteGlobalIDString = DA9E49B82A2034EA00662175;
			remoteInfo = "tech-wordle";
		};
		DA9E49D42A2034EB00662175 /* PBXContainerItemProxy */ = {
			isa = PBXContainerItemProxy;
			containerPortal = DA9E49B12A2034EA00662175 /* Project object */;
			proxyType = 1;
			remoteGlobalIDString = DA9E49B82A2034EA00662175;
			remoteInfo = "tech-wordle";
		};
/* End PBXContainerItemProxy section */

/* Begin PBXFileReference section */
		DA9E49B92A2034EA00662175 /* JaysWords.app */ = {isa = PBXFileReference; explicitFileType = wrapper.application; includeInIndex = 0; path = JaysWords.app; sourceTree = BUILT_PRODUCTS_DIR; };
		DA9E49BC2A2034EA00662175 /* tech_wordleApp.swift */ = {isa = PBXFileReference; lastKnownFileType = sourcecode.swift; path = tech_wordleApp.swift; sourceTree = "<group>"; };
		DA9E49BE2A2034EA00662175 /* ContentView.swift */ = {isa = PBXFileReference; lastKnownFileType = sourcecode.swift; path = ContentView.swift; sourceTree = "<group>"; };
		DA9E49C02A2034EB00662175 /* Assets.xcassets */ = {isa = PBXFileReference; lastKnownFileType = folder.assetcatalog; path = Assets.xcassets; sourceTree = "<group>"; };
		DA9E49C32A2034EB00662175 /* Preview Assets.xcassets */ = {isa = PBXFileReference; lastKnownFileType = folder.assetcatalog; path = "Preview Assets.xcassets"; sourceTree = "<group>"; };
		DA9E49C92A2034EB00662175 /* JaysWordsTests.xctest */ = {isa = PBXFileReference; explicitFileType = wrapper.cfbundle; includeInIndex = 0; path = JaysWordsTests.xctest; sourceTree = BUILT_PRODUCTS_DIR; };
		DA9E49CD2A2034EB00662175 /* tech_wordleTests.swift */ = {isa = PBXFileReference; lastKnownFileType = sourcecode.swift; path = tech_wordleTests.swift; sourceTree = "<group>"; };
		DA9E49D32A2034EB00662175 /* JaysWordsUITests.xctest */ = {isa = PBXFileReference; explicitFileType = wrapper.cfbundle; includeInIndex = 0; path = JaysWordsUITests.xctest; sourceTree = BUILT_PRODUCTS_DIR; };
		DA9E49D72A2034EB00662175 /* tech_wordleUITests.swift */ = {isa = PBXFileReference; lastKnownFileType = sourcecode.swift; path = tech_wordleUITests.swift; sourceTree = "<group>"; };
		DA9E49D92A2034EB00662175 /* tech_wordleUITestsLaunchTests.swift */ = {isa = PBXFileReference; lastKnownFileType = sourcecode.swift; path = tech_wordleUITestsLaunchTests.swift; sourceTree = "<group>"; };
		DA9E49E82A20355300662175 /* Dictionary.swift */ = {isa = PBXFileReference; lastKnownFileType = sourcecode.swift; path = Dictionary.swift; sourceTree = "<group>"; };
		DA9E49EA2A20355D00662175 /* GameStatistics.swift */ = {isa = PBXFileReference; lastKnownFileType = sourcecode.swift; path = GameStatistics.swift; sourceTree = "<group>"; };
		DA9E49EC2A20356700662175 /* Guess.swift */ = {isa = PBXFileReference; lastKnownFileType = sourcecode.swift; path = Guess.swift; sourceTree = "<group>"; };
		DA9E49EE2A20357100662175 /* GuessedLetter.swift */ = {isa = PBXFileReference; lastKnownFileType = sourcecode.swift; path = GuessedLetter.swift; sourceTree = "<group>"; };
		DA9E49F02A20358400662175 /* GuessingGame.swift */ = {isa = PBXFileReference; lastKnownFileType = sourcecode.swift; path = GuessingGame.swift; sourceTree = "<group>"; };
		DA9E49F32A2035C900662175 /* common-words-5.txt */ = {isa = PBXFileReference; fileEncoding = 4; lastKnownFileType = text; path = "common-words-5.txt"; sourceTree = "<group>"; };
		DA9E49F42A2035C900662175 /* words-5.txt */ = {isa = PBXFileReference; fileEncoding = 4; lastKnownFileType = text; path = "words-5.txt"; sourceTree = "<group>"; };
		DA9E49F72A2035E800662175 /* KeyboardView.swift */ = {isa = PBXFileReference; lastKnownFileType = sourcecode.swift; path = KeyboardView.swift; sourceTree = "<group>"; };
		DA9E49F92A2035F400662175 /* KeyButtonView.swift */ = {isa = PBXFileReference; lastKnownFileType = sourcecode.swift; path = KeyButtonView.swift; sourceTree = "<group>"; };
		DA9E49FB2A20361500662175 /* ActivitySheetView.swift */ = {isa = PBXFileReference; lastKnownFileType = sourcecode.swift; path = ActivitySheetView.swift; sourceTree = "<group>"; };
		DA9E49FD2A20362300662175 /* ResultsSummaryView.swift */ = {isa = PBXFileReference; lastKnownFileType = sourcecode.swift; path = ResultsSummaryView.swift; sourceTree = "<group>"; };
		DA9E49FF2A20363500662175 /* ShowResultView.swift */ = {isa = PBXFileReference; lastKnownFileType = sourcecode.swift; path = ShowResultView.swift; sourceTree = "<group>"; };
		DA9E4A012A20364500662175 /* StatisticsView.swift */ = {isa = PBXFileReference; lastKnownFileType = sourcecode.swift; path = StatisticsView.swift; sourceTree = "<group>"; };
		DA9E4A032A20365700662175 /* ActionBarView.swift */ = {isa = PBXFileReference; lastKnownFileType = sourcecode.swift; path = ActionBarView.swift; sourceTree = "<group>"; };
		DA9E4A052A20366700662175 /* CurrentGuessView.swift */ = {isa = PBXFileReference; lastKnownFileType = sourcecode.swift; path = CurrentGuessView.swift; sourceTree = "<group>"; };
		DA9E4A072A20367100662175 /* EmptyBoxView.swift */ = {isa = PBXFileReference; lastKnownFileType = sourcecode.swift; path = EmptyBoxView.swift; sourceTree = "<group>"; };
		DA9E4A092A20367A00662175 /* GameBoardView.swift */ = {isa = PBXFileReference; lastKnownFileType = sourcecode.swift; path = GameBoardView.swift; sourceTree = "<group>"; };
		DA9E4A0B2A2036AB00662175 /* GameResultView.swift */ = {isa = PBXFileReference; lastKnownFileType = sourcecode.swift; path = GameResultView.swift; sourceTree = "<group>"; };
		DA9E4A0D2A2036B700662175 /* GuessBoxView.swift */ = {isa = PBXFileReference; lastKnownFileType = sourcecode.swift; path = GuessBoxView.swift; sourceTree = "<group>"; };
		DAE2117C2A67C9A400CF4C79 /* Info.plist */ = {isa = PBXFileReference; lastKnownFileType = text.plist; path = Info.plist; sourceTree = "<group>"; };
		DAE2117D2A67D3A200CF4C79 /* AppDelegate.swift */ = {isa = PBXFileReference; lastKnownFileType = sourcecode.swift; path = AppDelegate.swift; sourceTree = "<group>"; };
		DAE2117F2A67D5E600CF4C79 /* AppOpenAdManager.swift */ = {isa = PBXFileReference; lastKnownFileType = sourcecode.swift; path = AppOpenAdManager.swift; sourceTree = "<group>"; };
/* End PBXFileReference section */

/* Begin PBXFrameworksBuildPhase section */
		DA9E49B62A2034EA00662175 /* Frameworks */ = {
			isa = PBXFrameworksBuildPhase;
			buildActionMask = 2147483647;
			files = (
				DAE2117B2A67C96700CF4C79 /* GoogleMobileAds in Frameworks */,
			);
			runOnlyForDeploymentPostprocessing = 0;
		};
		DA9E49C62A2034EB00662175 /* Frameworks */ = {
			isa = PBXFrameworksBuildPhase;
			buildActionMask = 2147483647;
			files = (
			);
			runOnlyForDeploymentPostprocessing = 0;
		};
		DA9E49D02A2034EB00662175 /* Frameworks */ = {
			isa = PBXFrameworksBuildPhase;
			buildActionMask = 2147483647;
			files = (
			);
			runOnlyForDeploymentPostprocessing = 0;
		};
/* End PBXFrameworksBuildPhase section */

/* Begin PBXGroup section */
		DA9E49B02A2034EA00662175 = {
			isa = PBXGroup;
			children = (
				DA9E49BB2A2034EA00662175 /* JaysWords */,
				DA9E49CC2A2034EB00662175 /* tech-wordleTests */,
				DA9E49D62A2034EB00662175 /* tech-wordleUITests */,
				DA9E49BA2A2034EA00662175 /* Products */,
			);
			sourceTree = "<group>";
		};
		DA9E49BA2A2034EA00662175 /* Products */ = {
			isa = PBXGroup;
			children = (
				DA9E49B92A2034EA00662175 /* JaysWords.app */,
				DA9E49C92A2034EB00662175 /* JaysWordsTests.xctest */,
				DA9E49D32A2034EB00662175 /* JaysWordsUITests.xctest */,
			);
			name = Products;
			sourceTree = "<group>";
		};
		DA9E49BB2A2034EA00662175 /* JaysWords */ = {
			isa = PBXGroup;
			children = (
				DAE2117C2A67C9A400CF4C79 /* Info.plist */,
				DA9E49F22A20359000662175 /* Resources */,
				DA9E49E72A2034FD00662175 /* Models */,
				DA9E49E62A2034F600662175 /* Views */,
				DA9E49BC2A2034EA00662175 /* tech_wordleApp.swift */,
				DA9E49BE2A2034EA00662175 /* ContentView.swift */,
				DA9E49C02A2034EB00662175 /* Assets.xcassets */,
				DA9E49C22A2034EB00662175 /* Preview Content */,
				DAE2117D2A67D3A200CF4C79 /* AppDelegate.swift */,
			);
			path = JaysWords;
			sourceTree = "<group>";
		};
		DA9E49C22A2034EB00662175 /* Preview Content */ = {
			isa = PBXGroup;
			children = (
				DA9E49C32A2034EB00662175 /* Preview Assets.xcassets */,
			);
			path = "Preview Content";
			sourceTree = "<group>";
		};
		DA9E49CC2A2034EB00662175 /* tech-wordleTests */ = {
			isa = PBXGroup;
			children = (
				DA9E49CD2A2034EB00662175 /* tech_wordleTests.swift */,
			);
			path = "tech-wordleTests";
			sourceTree = "<group>";
		};
		DA9E49D62A2034EB00662175 /* tech-wordleUITests */ = {
			isa = PBXGroup;
			children = (
				DA9E49D72A2034EB00662175 /* tech_wordleUITests.swift */,
				DA9E49D92A2034EB00662175 /* tech_wordleUITestsLaunchTests.swift */,
			);
			path = "tech-wordleUITests";
			sourceTree = "<group>";
		};
		DA9E49E62A2034F600662175 /* Views */ = {
			isa = PBXGroup;
			children = (
				DA9E49F72A2035E800662175 /* KeyboardView.swift */,
				DA9E49F92A2035F400662175 /* KeyButtonView.swift */,
				DA9E49FB2A20361500662175 /* ActivitySheetView.swift */,
				DA9E49FD2A20362300662175 /* ResultsSummaryView.swift */,
				DA9E49FF2A20363500662175 /* ShowResultView.swift */,
				DA9E4A012A20364500662175 /* StatisticsView.swift */,
				DA9E4A032A20365700662175 /* ActionBarView.swift */,
				DA9E4A052A20366700662175 /* CurrentGuessView.swift */,
				DA9E4A072A20367100662175 /* EmptyBoxView.swift */,
				DA9E4A092A20367A00662175 /* GameBoardView.swift */,
				DA9E4A0B2A2036AB00662175 /* GameResultView.swift */,
				DA9E4A0D2A2036B700662175 /* GuessBoxView.swift */,
			);
			path = Views;
			sourceTree = "<group>";
		};
		DA9E49E72A2034FD00662175 /* Models */ = {
			isa = PBXGroup;
			children = (
				DA9E49E82A20355300662175 /* Dictionary.swift */,
				DA9E49EA2A20355D00662175 /* GameStatistics.swift */,
				DA9E49EC2A20356700662175 /* Guess.swift */,
				DA9E49EE2A20357100662175 /* GuessedLetter.swift */,
				DA9E49F02A20358400662175 /* GuessingGame.swift */,
				DAE2117F2A67D5E600CF4C79 /* AppOpenAdManager.swift */,
			);
			path = Models;
			sourceTree = "<group>";
		};
		DA9E49F22A20359000662175 /* Resources */ = {
			isa = PBXGroup;
			children = (
				DA9E49F32A2035C900662175 /* common-words-5.txt */,
				DA9E49F42A2035C900662175 /* words-5.txt */,
			);
			path = Resources;
			sourceTree = "<group>";
		};
/* End PBXGroup section */

/* Begin PBXNativeTarget section */
		DA9E49B82A2034EA00662175 /* JaysWords */ = {
			isa = PBXNativeTarget;
			buildConfigurationList = DA9E49DD2A2034EB00662175 /* Build configuration list for PBXNativeTarget "JaysWords" */;
			buildPhases = (
				DA9E49B52A2034EA00662175 /* Sources */,
				DA9E49B62A2034EA00662175 /* Frameworks */,
				DA9E49B72A2034EA00662175 /* Resources */,
			);
			buildRules = (
			);
			dependencies = (
			);
			name = JaysWords;
			packageProductDependencies = (
				DAE2117A2A67C96700CF4C79 /* GoogleMobileAds */,
			);
			productName = "tech-wordle";
			productReference = DA9E49B92A2034EA00662175 /* JaysWords.app */;
			productType = "com.apple.product-type.application";
		};
		DA9E49C82A2034EB00662175 /* JaysWordsTests */ = {
			isa = PBXNativeTarget;
			buildConfigurationList = DA9E49E02A2034EB00662175 /* Build configuration list for PBXNativeTarget "JaysWordsTests" */;
			buildPhases = (
				DA9E49C52A2034EB00662175 /* Sources */,
				DA9E49C62A2034EB00662175 /* Frameworks */,
				DA9E49C72A2034EB00662175 /* Resources */,
			);
			buildRules = (
			);
			dependencies = (
				DA9E49CB2A2034EB00662175 /* PBXTargetDependency */,
			);
			name = JaysWordsTests;
			productName = "tech-wordleTests";
			productReference = DA9E49C92A2034EB00662175 /* JaysWordsTests.xctest */;
			productType = "com.apple.product-type.bundle.unit-test";
		};
		DA9E49D22A2034EB00662175 /* JaysWordsUITests */ = {
			isa = PBXNativeTarget;
			buildConfigurationList = DA9E49E32A2034EB00662175 /* Build configuration list for PBXNativeTarget "JaysWordsUITests" */;
			buildPhases = (
				DA9E49CF2A2034EB00662175 /* Sources */,
				DA9E49D02A2034EB00662175 /* Frameworks */,
				DA9E49D12A2034EB00662175 /* Resources */,
			);
			buildRules = (
			);
			dependencies = (
				DA9E49D52A2034EB00662175 /* PBXTargetDependency */,
			);
			name = JaysWordsUITests;
			productName = "tech-wordleUITests";
			productReference = DA9E49D32A2034EB00662175 /* JaysWordsUITests.xctest */;
			productType = "com.apple.product-type.bundle.ui-testing";
		};
/* End PBXNativeTarget section */

/* Begin PBXProject section */
		DA9E49B12A2034EA00662175 /* Project object */ = {
			isa = PBXProject;
			attributes = {
				BuildIndependentTargetsInParallel = 1;
				LastSwiftUpdateCheck = 1430;
				LastUpgradeCheck = 1500;
				TargetAttributes = {
					DA9E49B82A2034EA00662175 = {
						CreatedOnToolsVersion = 14.3;
					};
					DA9E49C82A2034EB00662175 = {
						CreatedOnToolsVersion = 14.3;
						TestTargetID = DA9E49B82A2034EA00662175;
					};
					DA9E49D22A2034EB00662175 = {
						CreatedOnToolsVersion = 14.3;
						TestTargetID = DA9E49B82A2034EA00662175;
					};
				};
			};
			buildConfigurationList = DA9E49B42A2034EA00662175 /* Build configuration list for PBXProject "JaysWords" */;
			compatibilityVersion = "Xcode 14.0";
			developmentRegion = en;
			hasScannedForEncodings = 0;
			knownRegions = (
				en,
				Base,
			);
			mainGroup = DA9E49B02A2034EA00662175;
			packageReferences = (
				DAE211792A67C96700CF4C79 /* XCRemoteSwiftPackageReference "swift-package-manager-google-mobile-ads" */,
			);
			productRefGroup = DA9E49BA2A2034EA00662175 /* Products */;
			projectDirPath = "";
			projectRoot = "";
			targets = (
				DA9E49B82A2034EA00662175 /* JaysWords */,
				DA9E49C82A2034EB00662175 /* JaysWordsTests */,
				DA9E49D22A2034EB00662175 /* JaysWordsUITests */,
			);
		};
/* End PBXProject section */

/* Begin PBXResourcesBuildPhase section */
		DA9E49B72A2034EA00662175 /* Resources */ = {
			isa = PBXResourcesBuildPhase;
			buildActionMask = 2147483647;
			files = (
				DA9E49C42A2034EB00662175 /* Preview Assets.xcassets in Resources */,
				DA9E49C12A2034EB00662175 /* Assets.xcassets in Resources */,
				DA9E49F62A2035C900662175 /* words-5.txt in Resources */,
				DA9E49F52A2035C900662175 /* common-words-5.txt in Resources */,
			);
			runOnlyForDeploymentPostprocessing = 0;
		};
		DA9E49C72A2034EB00662175 /* Resources */ = {
			isa = PBXResourcesBuildPhase;
			buildActionMask = 2147483647;
			files = (
			);
			runOnlyForDeploymentPostprocessing = 0;
		};
		DA9E49D12A2034EB00662175 /* Resources */ = {
			isa = PBXResourcesBuildPhase;
			buildActionMask = 2147483647;
			files = (
			);
			runOnlyForDeploymentPostprocessing = 0;
		};
/* End PBXResourcesBuildPhase section */

/* Begin PBXSourcesBuildPhase section */
		DA9E49B52A2034EA00662175 /* Sources */ = {
			isa = PBXSourcesBuildPhase;
			buildActionMask = 2147483647;
			files = (
				DA9E4A082A20367100662175 /* EmptyBoxView.swift in Sources */,
				DA9E4A0C2A2036AB00662175 /* GameResultView.swift in Sources */,
				DA9E4A0E2A2036B700662175 /* GuessBoxView.swift in Sources */,
				DA9E49EF2A20357100662175 /* GuessedLetter.swift in Sources */,
				DA9E4A0A2A20367A00662175 /* GameBoardView.swift in Sources */,
				DA9E49F82A2035E800662175 /* KeyboardView.swift in Sources */,
				DA9E4A002A20363500662175 /* ShowResultView.swift in Sources */,
				DA9E49FA2A2035F400662175 /* KeyButtonView.swift in Sources */,
				DAE2117E2A67D3A200CF4C79 /* AppDelegate.swift in Sources */,
				DA9E49EB2A20355D00662175 /* GameStatistics.swift in Sources */,
				DA9E4A022A20364500662175 /* StatisticsView.swift in Sources */,
				DA9E4A042A20365700662175 /* ActionBarView.swift in Sources */,
				DA9E4A062A20366700662175 /* CurrentGuessView.swift in Sources */,
				DA9E49BF2A2034EA00662175 /* ContentView.swift in Sources */,
				DA9E49F12A20358400662175 /* GuessingGame.swift in Sources */,
				DA9E49BD2A2034EA00662175 /* tech_wordleApp.swift in Sources */,
				DA9E49E92A20355300662175 /* Dictionary.swift in Sources */,
				DAE211802A67D5E600CF4C79 /* AppOpenAdManager.swift in Sources */,
				DA9E49ED2A20356700662175 /* Guess.swift in Sources */,
				DA9E49FC2A20361500662175 /* ActivitySheetView.swift in Sources */,
				DA9E49FE2A20362300662175 /* ResultsSummaryView.swift in Sources */,
			);
			runOnlyForDeploymentPostprocessing = 0;
		};
		DA9E49C52A2034EB00662175 /* Sources */ = {
			isa = PBXSourcesBuildPhase;
			buildActionMask = 2147483647;
			files = (
				DA9E49CE2A2034EB00662175 /* tech_wordleTests.swift in Sources */,
			);
			runOnlyForDeploymentPostprocessing = 0;
		};
		DA9E49CF2A2034EB00662175 /* Sources */ = {
			isa = PBXSourcesBuildPhase;
			buildActionMask = 2147483647;
			files = (
				DA9E49D82A2034EB00662175 /* tech_wordleUITests.swift in Sources */,
				DA9E49DA2A2034EB00662175 /* tech_wordleUITestsLaunchTests.swift in Sources */,
			);
			runOnlyForDeploymentPostprocessing = 0;
		};
/* End PBXSourcesBuildPhase section */

/* Begin PBXTargetDependency section */
		DA9E49CB2A2034EB00662175 /* PBXTargetDependency */ = {
			isa = PBXTargetDependency;
			target = DA9E49B82A2034EA00662175 /* JaysWords */;
			targetProxy = DA9E49CA2A2034EB00662175 /* PBXContainerItemProxy */;
		};
		DA9E49D52A2034EB00662175 /* PBXTargetDependency */ = {
			isa = PBXTargetDependency;
			target = DA9E49B82A2034EA00662175 /* JaysWords */;
			targetProxy = DA9E49D42A2034EB00662175 /* PBXContainerItemProxy */;
		};
/* End PBXTargetDependency section */

/* Begin XCBuildConfiguration section */
		DA9E49DB2A2034EB00662175 /* Debug */ = {
			isa = XCBuildConfiguration;
			buildSettings = {
				ALWAYS_SEARCH_USER_PATHS = NO;
				CLANG_ANALYZER_NONNULL = YES;
				CLANG_ANALYZER_NUMBER_OBJECT_CONVERSION = YES_AGGRESSIVE;
				CLANG_CXX_LANGUAGE_STANDARD = "gnu++20";
				CLANG_ENABLE_MODULES = YES;
				CLANG_ENABLE_OBJC_ARC = YES;
				CLANG_ENABLE_OBJC_WEAK = YES;
				CLANG_WARN_BLOCK_CAPTURE_AUTORELEASING = YES;
				CLANG_WARN_BOOL_CONVERSION = YES;
				CLANG_WARN_COMMA = YES;
				CLANG_WARN_CONSTANT_CONVERSION = YES;
				CLANG_WARN_DEPRECATED_OBJC_IMPLEMENTATIONS = YES;
				CLANG_WARN_DIRECT_OBJC_ISA_USAGE = YES_ERROR;
				CLANG_WARN_DOCUMENTATION_COMMENTS = YES;
				CLANG_WARN_EMPTY_BODY = YES;
				CLANG_WARN_ENUM_CONVERSION = YES;
				CLANG_WARN_INFINITE_RECURSION = YES;
				CLANG_WARN_INT_CONVERSION = YES;
				CLANG_WARN_NON_LITERAL_NULL_CONVERSION = YES;
				CLANG_WARN_OBJC_IMPLICIT_RETAIN_SELF = YES;
				CLANG_WARN_OBJC_LITERAL_CONVERSION = YES;
				CLANG_WARN_OBJC_ROOT_CLASS = YES_ERROR;
				CLANG_WARN_QUOTED_INCLUDE_IN_FRAMEWORK_HEADER = YES;
				CLANG_WARN_RANGE_LOOP_ANALYSIS = YES;
				CLANG_WARN_STRICT_PROTOTYPES = YES;
				CLANG_WARN_SUSPICIOUS_MOVE = YES;
				CLANG_WARN_UNGUARDED_AVAILABILITY = YES_AGGRESSIVE;
				CLANG_WARN_UNREACHABLE_CODE = YES;
				CLANG_WARN__DUPLICATE_METHOD_MATCH = YES;
				COPY_PHASE_STRIP = NO;
				CURRENT_PROJECT_VERSION = 1.42;
				DEBUG_INFORMATION_FORMAT = dwarf;
				DEVELOPMENT_TEAM = 9UT6F4B4LM;
				ENABLE_STRICT_OBJC_MSGSEND = YES;
				ENABLE_TESTABILITY = YES;
				ENABLE_USER_SCRIPT_SANDBOXING = YES;
				GCC_C_LANGUAGE_STANDARD = gnu11;
				GCC_DYNAMIC_NO_PIC = NO;
				GCC_NO_COMMON_BLOCKS = YES;
				GCC_OPTIMIZATION_LEVEL = 0;
				GCC_PREPROCESSOR_DEFINITIONS = (
					"DEBUG=1",
					"$(inherited)",
				);
				GCC_WARN_64_TO_32_BIT_CONVERSION = YES;
				GCC_WARN_ABOUT_RETURN_TYPE = YES_ERROR;
				GCC_WARN_UNDECLARED_SELECTOR = YES;
				GCC_WARN_UNINITIALIZED_AUTOS = YES_AGGRESSIVE;
				GCC_WARN_UNUSED_FUNCTION = YES;
				GCC_WARN_UNUSED_VARIABLE = YES;
				GENERATE_INFOPLIST_FILE = YES;
				IPHONEOS_DEPLOYMENT_TARGET = 16.4;
				MARKETING_VERSION = 1.42;
				MTL_ENABLE_DEBUG_INFO = INCLUDE_SOURCE;
				MTL_FAST_MATH = YES;
				ONLY_ACTIVE_ARCH = YES;
				SDKROOT = iphoneos;
				SWIFT_ACTIVE_COMPILATION_CONDITIONS = DEBUG;
				SWIFT_OPTIMIZATION_LEVEL = "-Onone";
				VERSIONING_SYSTEM = "apple-generic";
			};
			name = Debug;
		};
		DA9E49DC2A2034EB00662175 /* Release */ = {
			isa = XCBuildConfiguration;
			buildSettings = {
				ALWAYS_SEARCH_USER_PATHS = NO;
				CLANG_ANALYZER_NONNULL = YES;
				CLANG_ANALYZER_NUMBER_OBJECT_CONVERSION = YES_AGGRESSIVE;
				CLANG_CXX_LANGUAGE_STANDARD = "gnu++20";
				CLANG_ENABLE_MODULES = YES;
				CLANG_ENABLE_OBJC_ARC = YES;
				CLANG_ENABLE_OBJC_WEAK = YES;
				CLANG_WARN_BLOCK_CAPTURE_AUTORELEASING = YES;
				CLANG_WARN_BOOL_CONVERSION = YES;
				CLANG_WARN_COMMA = YES;
				CLANG_WARN_CONSTANT_CONVERSION = YES;
				CLANG_WARN_DEPRECATED_OBJC_IMPLEMENTATIONS = YES;
				CLANG_WARN_DIRECT_OBJC_ISA_USAGE = YES_ERROR;
				CLANG_WARN_DOCUMENTATION_COMMENTS = YES;
				CLANG_WARN_EMPTY_BODY = YES;
				CLANG_WARN_ENUM_CONVERSION = YES;
				CLANG_WARN_INFINITE_RECURSION = YES;
				CLANG_WARN_INT_CONVERSION = YES;
				CLANG_WARN_NON_LITERAL_NULL_CONVERSION = YES;
				CLANG_WARN_OBJC_IMPLICIT_RETAIN_SELF = YES;
				CLANG_WARN_OBJC_LITERAL_CONVERSION = YES;
				CLANG_WARN_OBJC_ROOT_CLASS = YES_ERROR;
				CLANG_WARN_QUOTED_INCLUDE_IN_FRAMEWORK_HEADER = YES;
				CLANG_WARN_RANGE_LOOP_ANALYSIS = YES;
				CLANG_WARN_STRICT_PROTOTYPES = YES;
				CLANG_WARN_SUSPICIOUS_MOVE = YES;
				CLANG_WARN_UNGUARDED_AVAILABILITY = YES_AGGRESSIVE;
				CLANG_WARN_UNREACHABLE_CODE = YES;
				CLANG_WARN__DUPLICATE_METHOD_MATCH = YES;
				COPY_PHASE_STRIP = NO;
				CURRENT_PROJECT_VERSION = 1.42;
				DEBUG_INFORMATION_FORMAT = "dwarf-with-dsym";
				DEVELOPMENT_TEAM = 9UT6F4B4LM;
				ENABLE_NS_ASSERTIONS = NO;
				ENABLE_STRICT_OBJC_MSGSEND = YES;
				ENABLE_USER_SCRIPT_SANDBOXING = YES;
				GCC_C_LANGUAGE_STANDARD = gnu11;
				GCC_NO_COMMON_BLOCKS = YES;
				GCC_WARN_64_TO_32_BIT_CONVERSION = YES;
				GCC_WARN_ABOUT_RETURN_TYPE = YES_ERROR;
				GCC_WARN_UNDECLARED_SELECTOR = YES;
				GCC_WARN_UNINITIALIZED_AUTOS = YES_AGGRESSIVE;
				GCC_WARN_UNUSED_FUNCTION = YES;
				GCC_WARN_UNUSED_VARIABLE = YES;
				GENERATE_INFOPLIST_FILE = YES;
				IPHONEOS_DEPLOYMENT_TARGET = 16.4;
				MARKETING_VERSION = 1.42;
				MTL_ENABLE_DEBUG_INFO = NO;
				MTL_FAST_MATH = YES;
				SDKROOT = iphoneos;
				SWIFT_COMPILATION_MODE = wholemodule;
				SWIFT_OPTIMIZATION_LEVEL = "-O";
				VALIDATE_PRODUCT = YES;
				VERSIONING_SYSTEM = "apple-generic";
			};
			name = Release;
		};
		DA9E49DE2A2034EB00662175 /* Debug */ = {
			isa = XCBuildConfiguration;
			buildSettings = {
				ASSETCATALOG_COMPILER_APPICON_NAME = AppIcon;
				ASSETCATALOG_COMPILER_GLOBAL_ACCENT_COLOR_NAME = AccentColor;
				CODE_SIGN_STYLE = Automatic;
				CURRENT_PROJECT_VERSION = 1.42;
				DEVELOPMENT_ASSET_PATHS = "";
				DEVELOPMENT_TEAM = 9UT6F4B4LM;
				ENABLE_PREVIEWS = YES;
				GENERATE_INFOPLIST_FILE = YES;
				INFOPLIST_FILE = JaysWords/Info.plist;
				INFOPLIST_KEY_CFBundleDisplayName = "Jays Words";
				INFOPLIST_KEY_LSApplicationCategoryType = "public.app-category.word-games";
				INFOPLIST_KEY_UIApplicationSceneManifest_Generation = YES;
				INFOPLIST_KEY_UIApplicationSupportsIndirectInputEvents = YES;
				INFOPLIST_KEY_UILaunchScreen_Generation = YES;
				INFOPLIST_KEY_UIRequiresFullScreen = NO;
				INFOPLIST_KEY_UIStatusBarStyle = "";
				INFOPLIST_KEY_UISupportedInterfaceOrientations = "UIInterfaceOrientationLandscapeLeft UIInterfaceOrientationLandscapeRight UIInterfaceOrientationPortrait UIInterfaceOrientationPortraitUpsideDown";
				LD_RUNPATH_SEARCH_PATHS = (
					"$(inherited)",
					"@executable_path/Frameworks",
				);
				MARKETING_VERSION = 1.42;
				PRODUCT_BUNDLE_IDENTIFIER = "com.jaimetavares.tech-wordle";
				PRODUCT_NAME = "$(TARGET_NAME)";
				SWIFT_EMIT_LOC_STRINGS = YES;
				SWIFT_VERSION = 5.0;
				TARGETED_DEVICE_FAMILY = "1,2";
			};
			name = Debug;
		};
		DA9E49DF2A2034EB00662175 /* Release */ = {
			isa = XCBuildConfiguration;
			buildSettings = {
				ASSETCATALOG_COMPILER_APPICON_NAME = AppIcon;
				ASSETCATALOG_COMPILER_GLOBAL_ACCENT_COLOR_NAME = AccentColor;
				CODE_SIGN_STYLE = Automatic;
				CURRENT_PROJECT_VERSION = 1.42;
				DEVELOPMENT_ASSET_PATHS = "";
				DEVELOPMENT_TEAM = 9UT6F4B4LM;
				ENABLE_PREVIEWS = YES;
				GENERATE_INFOPLIST_FILE = YES;
				INFOPLIST_FILE = JaysWords/Info.plist;
				INFOPLIST_KEY_CFBundleDisplayName = "Jays Words";
				INFOPLIST_KEY_LSApplicationCategoryType = "public.app-category.word-games";
				INFOPLIST_KEY_UIApplicationSceneManifest_Generation = YES;
				INFOPLIST_KEY_UIApplicationSupportsIndirectInputEvents = YES;
				INFOPLIST_KEY_UILaunchScreen_Generation = YES;
				INFOPLIST_KEY_UIRequiresFullScreen = NO;
				INFOPLIST_KEY_UIStatusBarStyle = "";
				INFOPLIST_KEY_UISupportedInterfaceOrientations = "UIInterfaceOrientationLandscapeLeft UIInterfaceOrientationLandscapeRight UIInterfaceOrientationPortrait UIInterfaceOrientationPortraitUpsideDown";
				"INFOPLIST_KEY_UISupportedInterfaceOrientations_iPad[sdk=*]" = "";
				LD_RUNPATH_SEARCH_PATHS = (
					"$(inherited)",
					"@executable_path/Frameworks",
				);
				MARKETING_VERSION = 1.42;
				PRODUCT_BUNDLE_IDENTIFIER = "com.jaimetavares.tech-wordle";
				PRODUCT_NAME = "$(TARGET_NAME)";
				SWIFT_EMIT_LOC_STRINGS = YES;
				SWIFT_VERSION = 5.0;
				TARGETED_DEVICE_FAMILY = "1,2";
			};
			name = Release;
		};
		DA9E49E12A2034EB00662175 /* Debug */ = {
			isa = XCBuildConfiguration;
			buildSettings = {
				ALWAYS_EMBED_SWIFT_STANDARD_LIBRARIES = YES;
				BUNDLE_LOADER = "$(TEST_HOST)";
				CODE_SIGN_STYLE = Automatic;
				CURRENT_PROJECT_VERSION = 1.1;
				DEVELOPMENT_TEAM = 9UT6F4B4LM;
				GENERATE_INFOPLIST_FILE = YES;
				IPHONEOS_DEPLOYMENT_TARGET = 16.4;
				MARKETING_VERSION = 1.1;
				PRODUCT_BUNDLE_IDENTIFIER = "com.jaimetavares.tech-wordleTests";
				PRODUCT_NAME = "$(TARGET_NAME)";
				SWIFT_EMIT_LOC_STRINGS = NO;
				SWIFT_VERSION = 5.0;
				TARGETED_DEVICE_FAMILY = "1,2";
				TEST_HOST = "$(BUILT_PRODUCTS_DIR)/JaysWords.app/$(BUNDLE_EXECUTABLE_FOLDER_PATH)/JaysWords";
			};
			name = Debug;
		};
		DA9E49E22A2034EB00662175 /* Release */ = {
			isa = XCBuildConfiguration;
			buildSettings = {
				ALWAYS_EMBED_SWIFT_STANDARD_LIBRARIES = YES;
				BUNDLE_LOADER = "$(TEST_HOST)";
				CODE_SIGN_STYLE = Automatic;
				CURRENT_PROJECT_VERSION = 1.1;
				DEVELOPMENT_TEAM = 9UT6F4B4LM;
				GENERATE_INFOPLIST_FILE = YES;
				IPHONEOS_DEPLOYMENT_TARGET = 16.4;
				MARKETING_VERSION = 1.1;
				PRODUCT_BUNDLE_IDENTIFIER = "com.jaimetavares.tech-wordleTests";
				PRODUCT_NAME = "$(TARGET_NAME)";
				SWIFT_EMIT_LOC_STRINGS = NO;
				SWIFT_VERSION = 5.0;
				TARGETED_DEVICE_FAMILY = "1,2";
				TEST_HOST = "$(BUILT_PRODUCTS_DIR)/JaysWords.app/$(BUNDLE_EXECUTABLE_FOLDER_PATH)/JaysWords";
			};
			name = Release;
		};
		DA9E49E42A2034EB00662175 /* Debug */ = {
			isa = XCBuildConfiguration;
			buildSettings = {
				ALWAYS_EMBED_SWIFT_STANDARD_LIBRARIES = YES;
				CODE_SIGN_STYLE = Automatic;
				CURRENT_PROJECT_VERSION = 1.1;
				DEVELOPMENT_TEAM = 9UT6F4B4LM;
				GENERATE_INFOPLIST_FILE = YES;
				MARKETING_VERSION = 1.1;
				PRODUCT_BUNDLE_IDENTIFIER = "com.jaimetavares.tech-wordleUITests";
				PRODUCT_NAME = "$(TARGET_NAME)";
				SWIFT_EMIT_LOC_STRINGS = NO;
				SWIFT_VERSION = 5.0;
				TARGETED_DEVICE_FAMILY = "1,2";
				TEST_TARGET_NAME = "tech-wordle";
			};
			name = Debug;
		};
		DA9E49E52A2034EB00662175 /* Release */ = {
			isa = XCBuildConfiguration;
			buildSettings = {
				ALWAYS_EMBED_SWIFT_STANDARD_LIBRARIES = YES;
				CODE_SIGN_STYLE = Automatic;
				CURRENT_PROJECT_VERSION = 1.1;
				DEVELOPMENT_TEAM = 9UT6F4B4LM;
				GENERATE_INFOPLIST_FILE = YES;
				MARKETING_VERSION = 1.1;
				PRODUCT_BUNDLE_IDENTIFIER = "com.jaimetavares.tech-wordleUITests";
				PRODUCT_NAME = "$(TARGET_NAME)";
				SWIFT_EMIT_LOC_STRINGS = NO;
				SWIFT_VERSION = 5.0;
				TARGETED_DEVICE_FAMILY = "1,2";
				TEST_TARGET_NAME = "tech-wordle";
			};
			name = Release;
		};
/* End XCBuildConfiguration section */

/* Begin XCConfigurationList section */
		DA9E49B42A2034EA00662175 /* Build configuration list for PBXProject "JaysWords" */ = {
			isa = XCConfigurationList;
			buildConfigurations = (
				DA9E49DB2A2034EB00662175 /* Debug */,
				DA9E49DC2A2034EB00662175 /* Release */,
			);
			defaultConfigurationIsVisible = 0;
			defaultConfigurationName = Release;
		};
		DA9E49DD2A2034EB00662175 /* Build configuration list for PBXNativeTarget "JaysWords" */ = {
			isa = XCConfigurationList;
			buildConfigurations = (
				DA9E49DE2A2034EB00662175 /* Debug */,
				DA9E49DF2A2034EB00662175 /* Release */,
			);
			defaultConfigurationIsVisible = 0;
			defaultConfigurationName = Release;
		};
		DA9E49E02A2034EB00662175 /* Build configuration list for PBXNativeTarget "JaysWordsTests" */ = {
			isa = XCConfigurationList;
			buildConfigurations = (
				DA9E49E12A2034EB00662175 /* Debug */,
				DA9E49E22A2034EB00662175 /* Release */,
			);
			defaultConfigurationIsVisible = 0;
			defaultConfigurationName = Release;
		};
		DA9E49E32A2034EB00662175 /* Build configuration list for PBXNativeTarget "JaysWordsUITests" */ = {
			isa = XCConfigurationList;
			buildConfigurations = (
				DA9E49E42A2034EB00662175 /* Debug */,
				DA9E49E52A2034EB00662175 /* Release */,
			);
			defaultConfigurationIsVisible = 0;
			defaultConfigurationName = Release;
		};
/* End XCConfigurationList section */

/* Begin XCRemoteSwiftPackageReference section */
		DAE211792A67C96700CF4C79 /* XCRemoteSwiftPackageReference "swift-package-manager-google-mobile-ads" */ = {
			isa = XCRemoteSwiftPackageReference;
			repositoryURL = "https://github.com/googleads/swift-package-manager-google-mobile-ads.git";
			requirement = {
				kind = upToNextMajorVersion;
				minimumVersion = 10.8.0;
			};
		};
/* End XCRemoteSwiftPackageReference section */

/* Begin XCSwiftPackageProductDependency section */
		DAE2117A2A67C96700CF4C79 /* GoogleMobileAds */ = {
			isa = XCSwiftPackageProductDependency;
			package = DAE211792A67C96700CF4C79 /* XCRemoteSwiftPackageReference "swift-package-manager-google-mobile-ads" */;
			productName = GoogleMobileAds;
		};
/* End XCSwiftPackageProductDependency section */
	};
	rootObject = DA9E49B12A2034EA00662175 /* Project object */;
}
